
Microsoft Visual Studio Solution File, Format Version 12.00
# Visual Studio Version 16
VisualStudioVersion = 16.0.29709.97
MinimumVisualStudioVersion = 10.0.40219.1
Project("{2150E333-8FDC-42A3-9474-1A3956D46DE8}") = "Microservices", "Microservices", "{7F0912FB-A570-4845-A09C-20645B1F5C2F}"
EndProject
Project("{2150E333-8FDC-42A3-9474-1A3956D46DE8}") = "Domain", "Domain", "{36E5528D-52DF-4221-A45C-6F2FA1503A55}"
EndProject
Project("{2150E333-8FDC-42A3-9474-1A3956D46DE8}") = "Infra.Bus", "Infra.Bus", "{5CAFC165-6C1C-4217-8735-C8ED3DF8408F}"
EndProject
Project("{2150E333-8FDC-42A3-9474-1A3956D46DE8}") = "Infra.IoC", "Infra.IoC", "{C89CC72E-0C4A-4D25-90B7-F46C847870A2}"
EndProject
Project("{2150E333-8FDC-42A3-9474-1A3956D46DE8}") = "Presentation", "Presentation", "{2C4ABF24-A500-4DF8-A775-3BA208795537}"
EndProject
Project("{9A19103F-16F7-4668-BE54-9A1E7A4F7556}") = "MicroRabbit.Domain.Core", "MicroRabbit.Domain.Core\MicroRabbit.Domain.Core.csproj", "{3643A136-0EA4-449D-B02B-EA8054233FB8}"
EndProject
Project("{9A19103F-16F7-4668-BE54-9A1E7A4F7556}") = "MicroRabbit.Infra.Bus", "MicroRabbit.Infra.Bus\MicroRabbit.Infra.Bus.csproj", "{061C3F10-EE01-4278-BD5A-70907DE0F8D0}"
EndProject
Project("{9A19103F-16F7-4668-BE54-9A1E7A4F7556}") = "MicroRabbit.Infra.IoC", "MicroRabbit.Infra.IoC\MicroRabbit.Infra.IoC.csproj", "{76134FEA-2B88-411D-A743-10B56B5E5B8B}"
EndProject
Project("{2150E333-8FDC-42A3-9474-1A3956D46DE8}") = "Banking", "Banking", "{1F2D4AA9-C9CA-46AB-A9E3-0BC4C620AB1D}"
EndProject
Project("{2150E333-8FDC-42A3-9474-1A3956D46DE8}") = "API", "API", "{ED26DA1F-1586-4415-B64F-AADEDFE25541}"
EndProject
Project("{2150E333-8FDC-42A3-9474-1A3956D46DE8}") = "Domain", "Domain", "{D4FE14EF-ED51-4691-907F-CFBF80542011}"
EndProject
Project("{2150E333-8FDC-42A3-9474-1A3956D46DE8}") = "Application", "Application", "{2AEA8A1C-319D-4FBE-AB2F-6C9DB737F782}"
EndProject
Project("{2150E333-8FDC-42A3-9474-1A3956D46DE8}") = "Data", "Data", "{85AE9F58-BB13-45EF-BC2D-D00EADB6A4F6}"
EndProject
Project("{9A19103F-16F7-4668-BE54-9A1E7A4F7556}") = "MicroRabbit.Banking.Api", "MicroRabbit.Banking.Api\MicroRabbit.Banking.Api.csproj", "{FF808E79-2334-4127-B4A6-AF632ED00713}"
EndProject
Project("{9A19103F-16F7-4668-BE54-9A1E7A4F7556}") = "MicroRabbit.Banking.Application", "MicroRabbit.Banking.Application\MicroRabbit.Banking.Application.csproj", "{B4E7C43E-1247-4D39-812B-84428C58955A}"
EndProject
Project("{9A19103F-16F7-4668-BE54-9A1E7A4F7556}") = "MicroRabbit.Banking.Data", "MicroRabbit.Banking.Data\MicroRabbit.Banking.Data.csproj", "{F6249E69-D838-4C62-9ECC-FF1BCB6EE984}"
EndProject
Project("{9A19103F-16F7-4668-BE54-9A1E7A4F7556}") = "MicroRabbit.Banking.Domain", "MicroRabbit.Banking.Domain\MicroRabbit.Banking.Domain.csproj", "{84199E0E-2ED1-4D65-99D1-5BA10DD285A2}"
EndProject
Project("{2150E333-8FDC-42A3-9474-1A3956D46DE8}") = "TransferMicroservice", "TransferMicroservice", "{A530D050-993C-46F9-A2D2-8ABE9C40F8B0}"
EndProject
Project("{2150E333-8FDC-42A3-9474-1A3956D46DE8}") = "Api", "Api", "{3B334A80-7AC1-4F93-AAFE-43DC4F9582C0}"
EndProject
Project("{2150E333-8FDC-42A3-9474-1A3956D46DE8}") = "Application", "Application", "{83115AC7-D85C-42B7-B90C-3A97AB9CF854}"
EndProject
Project("{2150E333-8FDC-42A3-9474-1A3956D46DE8}") = "Data", "Data", "{27C433B0-71F9-49DB-8374-D7049FFFB0A2}"
EndProject
Project("{2150E333-8FDC-42A3-9474-1A3956D46DE8}") = "Domain", "Domain", "{CB1D098D-9FB1-41A0-ABC5-DEB939E4BE92}"
EndProject
Project("{FAE04EC0-301F-11D3-BF4B-00C04F79EFBC}") = "MicroRabbit.Transfer.Api", "MicroRabbit.Transfer.Api\MicroRabbit.Transfer.Api.csproj", "{BED8717D-1F64-431B-97D7-5E16BFDDE7B4}"
EndProject
Project("{FAE04EC0-301F-11D3-BF4B-00C04F79EFBC}") = "MicroRabbit.Transfer.Application", "MicroRabbit.Transfer.Application\MicroRabbit.Transfer.Application.csproj", "{2F3591E4-6EBB-4201-9DFF-61E70D1445CE}"
EndProject
Project("{FAE04EC0-301F-11D3-BF4B-00C04F79EFBC}") = "MicroRabbit.Transfer.Domain", "MicroRabbit.Transfer.Domain\MicroRabbit.Transfer.Domain.csproj", "{566E29B9-CD32-4120-AA84-5404C5F04320}"
EndProject
Project("{FAE04EC0-301F-11D3-BF4B-00C04F79EFBC}") = "MicroRabbit.Transfer.Data", "MicroRabbit.Transfer.Data\MicroRabbit.Transfer.Data.csproj", "{7BE36561-D10F-4B12-BD55-D6882EBA4560}"
EndProject
Global
	GlobalSection(SolutionConfigurationPlatforms) = preSolution
		Debug|Any CPU = Debug|Any CPU
		Release|Any CPU = Release|Any CPU
	EndGlobalSection
	GlobalSection(ProjectConfigurationPlatforms) = postSolution
		{3643A136-0EA4-449D-B02B-EA8054233FB8}.Debug|Any CPU.ActiveCfg = Debug|Any CPU
		{3643A136-0EA4-449D-B02B-EA8054233FB8}.Debug|Any CPU.Build.0 = Debug|Any CPU
		{3643A136-0EA4-449D-B02B-EA8054233FB8}.Release|Any CPU.ActiveCfg = Release|Any CPU
		{3643A136-0EA4-449D-B02B-EA8054233FB8}.Release|Any CPU.Build.0 = Release|Any CPU
		{061C3F10-EE01-4278-BD5A-70907DE0F8D0}.Debug|Any CPU.ActiveCfg = Debug|Any CPU
		{061C3F10-EE01-4278-BD5A-70907DE0F8D0}.Debug|Any CPU.Build.0 = Debug|Any CPU
		{061C3F10-EE01-4278-BD5A-70907DE0F8D0}.Release|Any CPU.ActiveCfg = Release|Any CPU
		{061C3F10-EE01-4278-BD5A-70907DE0F8D0}.Release|Any CPU.Build.0 = Release|Any CPU
		{76134FEA-2B88-411D-A743-10B56B5E5B8B}.Debug|Any CPU.ActiveCfg = Debug|Any CPU
		{76134FEA-2B88-411D-A743-10B56B5E5B8B}.Debug|Any CPU.Build.0 = Debug|Any CPU
		{76134FEA-2B88-411D-A743-10B56B5E5B8B}.Release|Any CPU.ActiveCfg = Release|Any CPU
		{76134FEA-2B88-411D-A743-10B56B5E5B8B}.Release|Any CPU.Build.0 = Release|Any CPU
		{FF808E79-2334-4127-B4A6-AF632ED00713}.Debug|Any CPU.ActiveCfg = Debug|Any CPU
		{FF808E79-2334-4127-B4A6-AF632ED00713}.Debug|Any CPU.Build.0 = Debug|Any CPU
		{FF808E79-2334-4127-B4A6-AF632ED00713}.Release|Any CPU.ActiveCfg = Release|Any CPU
		{FF808E79-2334-4127-B4A6-AF632ED00713}.Release|Any CPU.Build.0 = Release|Any CPU
		{B4E7C43E-1247-4D39-812B-84428C58955A}.Debug|Any CPU.ActiveCfg = Debug|Any CPU
		{B4E7C43E-1247-4D39-812B-84428C58955A}.Debug|Any CPU.Build.0 = Debug|Any CPU
		{B4E7C43E-1247-4D39-812B-84428C58955A}.Release|Any CPU.ActiveCfg = Release|Any CPU
		{B4E7C43E-1247-4D39-812B-84428C58955A}.Release|Any CPU.Build.0 = Release|Any CPU
		{F6249E69-D838-4C62-9ECC-FF1BCB6EE984}.Debug|Any CPU.ActiveCfg = Debug|Any CPU
		{F6249E69-D838-4C62-9ECC-FF1BCB6EE984}.Debug|Any CPU.Build.0 = Debug|Any CPU
		{F6249E69-D838-4C62-9ECC-FF1BCB6EE984}.Release|Any CPU.ActiveCfg = Release|Any CPU
		{F6249E69-D838-4C62-9ECC-FF1BCB6EE984}.Release|Any CPU.Build.0 = Release|Any CPU
		{84199E0E-2ED1-4D65-99D1-5BA10DD285A2}.Debug|Any CPU.ActiveCfg = Debug|Any CPU
		{84199E0E-2ED1-4D65-99D1-5BA10DD285A2}.Debug|Any CPU.Build.0 = Debug|Any CPU
		{84199E0E-2ED1-4D65-99D1-5BA10DD285A2}.Release|Any CPU.ActiveCfg = Release|Any CPU
		{84199E0E-2ED1-4D65-99D1-5BA10DD285A2}.Release|Any CPU.Build.0 = Release|Any CPU
		{BED8717D-1F64-431B-97D7-5E16BFDDE7B4}.Debug|Any CPU.ActiveCfg = Debug|Any CPU
		{BED8717D-1F64-431B-97D7-5E16BFDDE7B4}.Debug|Any CPU.Build.0 = Debug|Any CPU
		{BED8717D-1F64-431B-97D7-5E16BFDDE7B4}.Release|Any CPU.ActiveCfg = Release|Any CPU
		{BED8717D-1F64-431B-97D7-5E16BFDDE7B4}.Release|Any CPU.Build.0 = Release|Any CPU
		{2F3591E4-6EBB-4201-9DFF-61E70D1445CE}.Debug|Any CPU.ActiveCfg = Debug|Any CPU
		{2F3591E4-6EBB-4201-9DFF-61E70D1445CE}.Debug|Any CPU.Build.0 = Debug|Any CPU
		{2F3591E4-6EBB-4201-9DFF-61E70D1445CE}.Release|Any CPU.ActiveCfg = Release|Any CPU
		{2F3591E4-6EBB-4201-9DFF-61E70D1445CE}.Release|Any CPU.Build.0 = Release|Any CPU
		{566E29B9-CD32-4120-AA84-5404C5F04320}.Debug|Any CPU.ActiveCfg = Debug|Any CPU
		{566E29B9-CD32-4120-AA84-5404C5F04320}.Debug|Any CPU.Build.0 = Debug|Any CPU
		{566E29B9-CD32-4120-AA84-5404C5F04320}.Release|Any CPU.ActiveCfg = Release|Any CPU
		{566E29B9-CD32-4120-AA84-5404C5F04320}.Release|Any CPU.Build.0 = Release|Any CPU
		{7BE36561-D10F-4B12-BD55-D6882EBA4560}.Debug|Any CPU.ActiveCfg = Debug|Any CPU
		{7BE36561-D10F-4B12-BD55-D6882EBA4560}.Debug|Any CPU.Build.0 = Debug|Any CPU
		{7BE36561-D10F-4B12-BD55-D6882EBA4560}.Release|Any CPU.ActiveCfg = Release|Any CPU
		{7BE36561-D10F-4B12-BD55-D6882EBA4560}.Release|Any CPU.Build.0 = Release|Any CPU
	EndGlobalSection
	GlobalSection(SolutionProperties) = preSolution
		HideSolutionNode = FALSE
	EndGlobalSection
	GlobalSection(NestedProjects) = preSolution
		{3643A136-0EA4-449D-B02B-EA8054233FB8} = {36E5528D-52DF-4221-A45C-6F2FA1503A55}
		{061C3F10-EE01-4278-BD5A-70907DE0F8D0} = {5CAFC165-6C1C-4217-8735-C8ED3DF8408F}
		{76134FEA-2B88-411D-A743-10B56B5E5B8B} = {C89CC72E-0C4A-4D25-90B7-F46C847870A2}
		{1F2D4AA9-C9CA-46AB-A9E3-0BC4C620AB1D} = {7F0912FB-A570-4845-A09C-20645B1F5C2F}
		{ED26DA1F-1586-4415-B64F-AADEDFE25541} = {1F2D4AA9-C9CA-46AB-A9E3-0BC4C620AB1D}
		{D4FE14EF-ED51-4691-907F-CFBF80542011} = {1F2D4AA9-C9CA-46AB-A9E3-0BC4C620AB1D}
		{2AEA8A1C-319D-4FBE-AB2F-6C9DB737F782} = {1F2D4AA9-C9CA-46AB-A9E3-0BC4C620AB1D}
		{85AE9F58-BB13-45EF-BC2D-D00EADB6A4F6} = {1F2D4AA9-C9CA-46AB-A9E3-0BC4C620AB1D}
		{FF808E79-2334-4127-B4A6-AF632ED00713} = {ED26DA1F-1586-4415-B64F-AADEDFE25541}
		{B4E7C43E-1247-4D39-812B-84428C58955A} = {2AEA8A1C-319D-4FBE-AB2F-6C9DB737F782}
		{F6249E69-D838-4C62-9ECC-FF1BCB6EE984} = {85AE9F58-BB13-45EF-BC2D-D00EADB6A4F6}
		{84199E0E-2ED1-4D65-99D1-5BA10DD285A2} = {D4FE14EF-ED51-4691-907F-CFBF80542011}
		{A530D050-993C-46F9-A2D2-8ABE9C40F8B0} = {7F0912FB-A570-4845-A09C-20645B1F5C2F}
		{3B334A80-7AC1-4F93-AAFE-43DC4F9582C0} = {A530D050-993C-46F9-A2D2-8ABE9C40F8B0}
		{83115AC7-D85C-42B7-B90C-3A97AB9CF854} = {A530D050-993C-46F9-A2D2-8ABE9C40F8B0}
		{27C433B0-71F9-49DB-8374-D7049FFFB0A2} = {A530D050-993C-46F9-A2D2-8ABE9C40F8B0}
		{CB1D098D-9FB1-41A0-ABC5-DEB939E4BE92} = {A530D050-993C-46F9-A2D2-8ABE9C40F8B0}
		{BED8717D-1F64-431B-97D7-5E16BFDDE7B4} = {3B334A80-7AC1-4F93-AAFE-43DC4F9582C0}
		{2F3591E4-6EBB-4201-9DFF-61E70D1445CE} = {83115AC7-D85C-42B7-B90C-3A97AB9CF854}
		{566E29B9-CD32-4120-AA84-5404C5F04320} = {CB1D098D-9FB1-41A0-ABC5-DEB939E4BE92}
		{7BE36561-D10F-4B12-BD55-D6882EBA4560} = {27C433B0-71F9-49DB-8374-D7049FFFB0A2}
	EndGlobalSection
	GlobalSection(ExtensibilityGlobals) = postSolution
		SolutionGuid = {62888A45-A5E8-43EC-B57C-2E21F2F868FE}
	EndGlobalSection
EndGlobal
